// !$*UTF8*$!
{
	archiveVersion = 1;
	classes = {
	};
	objectVersion = 50;
	objects = {

/* Begin PBXBuildFile section */
		5C50007F212EBEB700B91C40 /* main.m in Sources */ = {isa = PBXBuildFile; fileRef = 5C50007E212EBEB700B91C40 /* main.m */; };
/* End PBXBuildFile section */

/* Begin PBXCopyFilesBuildPhase section */
		5C500079212EBEB700B91C40 /* CopyFiles */ = {
			isa = PBXCopyFilesBuildPhase;
			buildActionMask = 2147483647;
			dstPath = /usr/share/man/man1/;
			dstSubfolderSpec = 0;
			files = (
			);
			runOnlyForDeploymentPostprocessing = 1;
		};
/* End PBXCopyFilesBuildPhase section */

/* Begin PBXFileReference section */
		5C50007B212EBEB700B91C40 /* KYX_Share */ = {isa = PBXFileReference; explicitFileType = "compiled.mach-o.executable"; includeInIndex = 0; path = KYX_Share; sourceTree = BUILT_PRODUCTS_DIR; };
		5C50007E212EBEB700B91C40 /* main.m */ = {isa = PBXFileReference; lastKnownFileType = sourcecode.c.objc; path = main.m; sourceTree = "<group>"; };
		5C500088212EBED200B91C40 /* KeychainItemWrapper.m */ = {isa = PBXFileReference; lastKnownFileType = sourcecode.c.objc; path = KeychainItemWrapper.m; sourceTree = "<group>"; };
		5C500089212EBED200B91C40 /* KeychainItemWrapper.h */ = {isa = PBXFileReference; lastKnownFileType = sourcecode.c.h; path = KeychainItemWrapper.h; sourceTree = "<group>"; };
		5C50008C212EBED200B91C40 /* YYDownH5Model.m */ = {isa = PBXFileReference; lastKnownFileType = sourcecode.c.objc; path = YYDownH5Model.m; sourceTree = "<group>"; };
		5C50008D212EBED200B91C40 /* AlipaySubItem.h */ = {isa = PBXFileReference; lastKnownFileType = sourcecode.c.h; path = AlipaySubItem.h; sourceTree = "<group>"; };
		5C50008E212EBED200B91C40 /* AliPayViews.m */ = {isa = PBXFileReference; lastKnownFileType = sourcecode.c.objc; path = AliPayViews.m; sourceTree = "<group>"; };
		5C50008F212EBED200B91C40 /* Header.h */ = {isa = PBXFileReference; lastKnownFileType = sourcecode.c.h; path = Header.h; sourceTree = "<group>"; };
		5C500090212EBED200B91C40 /* KeychainData.m */ = {isa = PBXFileReference; lastKnownFileType = sourcecode.c.objc; path = KeychainData.m; sourceTree = "<group>"; };
		5C500091212EBED200B91C40 /* SetpasswordViewController.h */ = {isa = PBXFileReference; lastKnownFileType = sourcecode.c.h; path = SetpasswordViewController.h; sourceTree = "<group>"; };
		5C500092212EBED200B91C40 /* AliPayItem.m */ = {isa = PBXFileReference; lastKnownFileType = sourcecode.c.objc; path = AliPayItem.m; sourceTree = "<group>"; };
		5C500093212EBED200B91C40 /* AlipaySubItem.m */ = {isa = PBXFileReference; lastKnownFileType = sourcecode.c.objc; path = AlipaySubItem.m; sourceTree = "<group>"; };
		5C500094212EBED200B91C40 /* YYDownH5Model.h */ = {isa = PBXFileReference; lastKnownFileType = sourcecode.c.h; path = YYDownH5Model.h; sourceTree = "<group>"; };
		5C500095212EBED200B91C40 /* KeychainData.h */ = {isa = PBXFileReference; lastKnownFileType = sourcecode.c.h; path = KeychainData.h; sourceTree = "<group>"; };
		5C500096212EBED200B91C40 /* AliPayViews.h */ = {isa = PBXFileReference; lastKnownFileType = sourcecode.c.h; path = AliPayViews.h; sourceTree = "<group>"; };
		5C500097212EBED200B91C40 /* SetpasswordViewController.m */ = {isa = PBXFileReference; lastKnownFileType = sourcecode.c.objc; path = SetpasswordViewController.m; sourceTree = "<group>"; };
		5C500098212EBED200B91C40 /* AliPayItem.h */ = {isa = PBXFileReference; lastKnownFileType = sourcecode.c.h; path = AliPayItem.h; sourceTree = "<group>"; };
		5C50009A212EBED200B91C40 /* NSString+IMNSString.m */ = {isa = PBXFileReference; lastKnownFileType = sourcecode.c.objc; path = "NSString+IMNSString.m"; sourceTree = "<group>"; };
		5C50009B212EBED200B91C40 /* NSObject+YYObject.m */ = {isa = PBXFileReference; lastKnownFileType = sourcecode.c.objc; path = "NSObject+YYObject.m"; sourceTree = "<group>"; };
		5C50009C212EBED200B91C40 /* NSString+StringExt.h */ = {isa = PBXFileReference; lastKnownFileType = sourcecode.c.h; path = "NSString+StringExt.h"; sourceTree = "<group>"; };
		5C50009D212EBED200B91C40 /* NSDictionary+YYDictionary.m */ = {isa = PBXFileReference; lastKnownFileType = sourcecode.c.objc; path = "NSDictionary+YYDictionary.m"; sourceTree = "<group>"; };
		5C50009E212EBED200B91C40 /* UIImage+Add.m */ = {isa = PBXFileReference; lastKnownFileType = sourcecode.c.objc; path = "UIImage+Add.m"; sourceTree = "<group>"; };
		5C50009F212EBED200B91C40 /* UIViewController+Add.m */ = {isa = PBXFileReference; lastKnownFileType = sourcecode.c.objc; path = "UIViewController+Add.m"; sourceTree = "<group>"; };
		5C5000A0212EBED200B91C40 /* NSString+StringExt.m */ = {isa = PBXFileReference; lastKnownFileType = sourcecode.c.objc; path = "NSString+StringExt.m"; sourceTree = "<group>"; };
		5C5000A1212EBED200B91C40 /* NSDictionary+YYDictionary.h */ = {isa = PBXFileReference; lastKnownFileType = sourcecode.c.h; path = "NSDictionary+YYDictionary.h"; sourceTree = "<group>"; };
		5C5000A2212EBED200B91C40 /* NSObject+YYObject.h */ = {isa = PBXFileReference; lastKnownFileType = sourcecode.c.h; path = "NSObject+YYObject.h"; sourceTree = "<group>"; };
		5C5000A3212EBED200B91C40 /* NSString+IMNSString.h */ = {isa = PBXFileReference; lastKnownFileType = sourcecode.c.h; path = "NSString+IMNSString.h"; sourceTree = "<group>"; };
		5C5000A4212EBED200B91C40 /* UIViewController+Add.h */ = {isa = PBXFileReference; lastKnownFileType = sourcecode.c.h; path = "UIViewController+Add.h"; sourceTree = "<group>"; };
		5C5000A5212EBED200B91C40 /* UIImage+Add.h */ = {isa = PBXFileReference; lastKnownFileType = sourcecode.c.h; path = "UIImage+Add.h"; sourceTree = "<group>"; };
		5C5000A8212EBED200B91C40 /* GTMBase64.h */ = {isa = PBXFileReference; lastKnownFileType = sourcecode.c.h; path = GTMBase64.h; sourceTree = "<group>"; };
		5C5000A9212EBED200B91C40 /* GTMDefines.h */ = {isa = PBXFileReference; lastKnownFileType = sourcecode.c.h; path = GTMDefines.h; sourceTree = "<group>"; };
		5C5000AA212EBED200B91C40 /* GTMBase64.m */ = {isa = PBXFileReference; lastKnownFileType = sourcecode.c.objc; path = GTMBase64.m; sourceTree = "<group>"; };
		5C5000AC212EBED200B91C40 /* NSString+Hashing.m */ = {isa = PBXFileReference; lastKnownFileType = sourcecode.c.objc; path = "NSString+Hashing.m"; sourceTree = "<group>"; };
		5C5000AD212EBED200B91C40 /* NSString+Hashing.h */ = {isa = PBXFileReference; lastKnownFileType = sourcecode.c.h; path = "NSString+Hashing.h"; sourceTree = "<group>"; };
		5C5000AF212EBED200B91C40 /* NSData+AES256.m */ = {isa = PBXFileReference; lastKnownFileType = sourcecode.c.objc; path = "NSData+AES256.m"; sourceTree = "<group>"; };
		5C5000B0212EBED200B91C40 /* NSData +Encryption.h */ = {isa = PBXFileReference; lastKnownFileType = sourcecode.c.h; path = "NSData +Encryption.h"; sourceTree = "<group>"; };
		5C5000B1212EBED200B91C40 /* NSString+AES256.h */ = {isa = PBXFileReference; lastKnownFileType = sourcecode.c.h; path = "NSString+AES256.h"; sourceTree = "<group>"; };
		5C5000B2212EBED200B91C40 /* NSData+AES256.h */ = {isa = PBXFileReference; lastKnownFileType = sourcecode.c.h; path = "NSData+AES256.h"; sourceTree = "<group>"; };
		5C5000B3212EBED200B91C40 /* NSData +Encryption.m */ = {isa = PBXFileReference; lastKnownFileType = sourcecode.c.objc; path = "NSData +Encryption.m"; sourceTree = "<group>"; };
		5C5000B4212EBED200B91C40 /* NSString+AES256.m */ = {isa = PBXFileReference; lastKnownFileType = sourcecode.c.objc; path = "NSString+AES256.m"; sourceTree = "<group>"; };
		5C5000B6212EBED200B91C40 /* JKDBModel.m */ = {isa = PBXFileReference; lastKnownFileType = sourcecode.c.objc; path = JKDBModel.m; sourceTree = "<group>"; };
		5C5000B7212EBED200B91C40 /* JKDBHelper.m */ = {isa = PBXFileReference; lastKnownFileType = sourcecode.c.objc; path = JKDBHelper.m; sourceTree = "<group>"; };
		5C5000B8212EBED200B91C40 /* PSDBHelper.h */ = {isa = PBXFileReference; lastKnownFileType = sourcecode.c.h; path = PSDBHelper.h; sourceTree = "<group>"; };
		5C5000B9212EBED200B91C40 /* PSDBModel.h */ = {isa = PBXFileReference; lastKnownFileType = sourcecode.c.h; path = PSDBModel.h; sourceTree = "<group>"; };
		5C5000BA212EBED200B91C40 /* JKDBModel.h */ = {isa = PBXFileReference; lastKnownFileType = sourcecode.c.h; path = JKDBModel.h; sourceTree = "<group>"; };
		5C5000BB212EBED200B91C40 /* PSDBModel.m */ = {isa = PBXFileReference; lastKnownFileType = sourcecode.c.objc; path = PSDBModel.m; sourceTree = "<group>"; };
		5C5000BC212EBED200B91C40 /* PSDBHelper.m */ = {isa = PBXFileReference; lastKnownFileType = sourcecode.c.objc; path = PSDBHelper.m; sourceTree = "<group>"; };
		5C5000BD212EBED200B91C40 /* JKDBHelper.h */ = {isa = PBXFileReference; lastKnownFileType = sourcecode.c.h; path = JKDBHelper.h; sourceTree = "<group>"; };
		5C5000BF212EBED200B91C40 /* YYHttpClientInfoModel.m */ = {isa = PBXFileReference; lastKnownFileType = sourcecode.c.objc; path = YYHttpClientInfoModel.m; sourceTree = "<group>"; };
		5C5000C0212EBED200B91C40 /* YYHTTPHeaderFieldModel.h */ = {isa = PBXFileReference; lastKnownFileType = sourcecode.c.h; path = YYHTTPHeaderFieldModel.h; sourceTree = "<group>"; };
		5C5000C1212EBED200B91C40 /* YYShareHttpRequest.h */ = {isa = PBXFileReference; lastKnownFileType = sourcecode.c.h; path = YYShareHttpRequest.h; sourceTree = "<group>"; };
		5C5000C2212EBED200B91C40 /* AFHTTPSessionManager+Add.m */ = {isa = PBXFileReference; lastKnownFileType = sourcecode.c.objc; path = "AFHTTPSessionManager+Add.m"; sourceTree = "<group>"; };
		5C5000C3212EBED200B91C40 /* AFHTTPSessionManager+Add.h */ = {isa = PBXFileReference; lastKnownFileType = sourcecode.c.h; path = "AFHTTPSessionManager+Add.h"; sourceTree = "<group>"; };
		5C5000C4212EBED200B91C40 /* YYShareHttpRequest.m */ = {isa = PBXFileReference; lastKnownFileType = sourcecode.c.objc; path = YYShareHttpRequest.m; sourceTree = "<group>"; };
		5C5000C5212EBED200B91C40 /* YYHTTPHeaderFieldModel.m */ = {isa = PBXFileReference; lastKnownFileType = sourcecode.c.objc; path = YYHTTPHeaderFieldModel.m; sourceTree = "<group>"; };
		5C5000C6212EBED200B91C40 /* YYHttpClientInfoModel.h */ = {isa = PBXFileReference; lastKnownFileType = sourcecode.c.h; path = YYHttpClientInfoModel.h; sourceTree = "<group>"; };
		5C5000C8212EBED200B91C40 /* MBProgressHUD.m */ = {isa = PBXFileReference; lastKnownFileType = sourcecode.c.objc; path = MBProgressHUD.m; sourceTree = "<group>"; };
		5C5000C9212EBED200B91C40 /* Dialog.h */ = {isa = PBXFileReference; lastKnownFileType = sourcecode.c.h; path = Dialog.h; sourceTree = "<group>"; };
		5C5000CA212EBED200B91C40 /* MBProgressHUD.h */ = {isa = PBXFileReference; lastKnownFileType = sourcecode.c.h; path = MBProgressHUD.h; sourceTree = "<group>"; };
		5C5000CB212EBED200B91C40 /* Dialog.m */ = {isa = PBXFileReference; lastKnownFileType = sourcecode.c.objc; path = Dialog.m; sourceTree = "<group>"; };
		5C5000CD212EBED200B91C40 /* ResponderEvent.h */ = {isa = PBXFileReference; lastKnownFileType = sourcecode.c.h; path = ResponderEvent.h; sourceTree = "<group>"; };
		5C5000CE212EBED200B91C40 /* UIResponder+PSResponder.h */ = {isa = PBXFileReference; lastKnownFileType = sourcecode.c.h; path = "UIResponder+PSResponder.h"; sourceTree = "<group>"; };
		5C5000CF212EBED200B91C40 /* UIButton+Add.m */ = {isa = PBXFileReference; lastKnownFileType = sourcecode.c.objc; path = "UIButton+Add.m"; sourceTree = "<group>"; };
		5C5000D0212EBED200B91C40 /* UIButton+Add.h */ = {isa = PBXFileReference; lastKnownFileType = sourcecode.c.h; path = "UIButton+Add.h"; sourceTree = "<group>"; };
		5C5000D1212EBED200B91C40 /* UIResponder+PSResponder.m */ = {isa = PBXFileReference; lastKnownFileType = sourcecode.c.objc; path = "UIResponder+PSResponder.m"; sourceTree = "<group>"; };
		5C5000D2212EBED200B91C40 /* ResponderEvent.m */ = {isa = PBXFileReference; lastKnownFileType = sourcecode.c.objc; path = ResponderEvent.m; sourceTree = "<group>"; };
		5C5000D3212EBED200B91C40 /* PrefixHeader.pch */ = {isa = PBXFileReference; lastKnownFileType = sourcecode.c.h; path = PrefixHeader.pch; sourceTree = "<group>"; };
		5C5000D4212EBED200B91C40 /* MacroHeader.h */ = {isa = PBXFileReference; lastKnownFileType = sourcecode.c.h; path = MacroHeader.h; sourceTree = "<group>"; };
/* End PBXFileReference section */

/* Begin PBXFrameworksBuildPhase section */
		5C500078212EBEB700B91C40 /* Frameworks */ = {
			isa = PBXFrameworksBuildPhase;
			buildActionMask = 2147483647;
			files = (
			);
			runOnlyForDeploymentPostprocessing = 0;
		};
/* End PBXFrameworksBuildPhase section */

/* Begin PBXGroup section */
		5C500072212EBEB700B91C40 = {
			isa = PBXGroup;
			children = (
				5C500085212EBED200B91C40 /* Source */,
				5C50007D212EBEB700B91C40 /* KYX_Share */,
				5C50007C212EBEB700B91C40 /* Products */,
			);
			sourceTree = "<group>";
		};
		5C50007C212EBEB700B91C40 /* Products */ = {
			isa = PBXGroup;
			children = (
				5C50007B212EBEB700B91C40 /* KYX_Share */,
			);
			name = Products;
			sourceTree = "<group>";
		};
		5C50007D212EBEB700B91C40 /* KYX_Share */ = {
			isa = PBXGroup;
			children = (
				5C50007E212EBEB700B91C40 /* main.m */,
			);
			path = KYX_Share;
			sourceTree = "<group>";
		};
		5C500085212EBED200B91C40 /* Source */ = {
			isa = PBXGroup;
			children = (
				5C500086212EBED200B91C40 /* MRC */,
				5C50008A212EBED200B91C40 /* ARC */,
				5C5000D3212EBED200B91C40 /* PrefixHeader.pch */,
				5C5000D4212EBED200B91C40 /* MacroHeader.h */,
			);
			path = Source;
			sourceTree = "<group>";
		};
		5C500086212EBED200B91C40 /* MRC */ = {
			isa = PBXGroup;
			children = (
				5C500087212EBED200B91C40 /* MRC */,
			);
			path = MRC;
			sourceTree = "<group>";
		};
		5C500087212EBED200B91C40 /* MRC */ = {
			isa = PBXGroup;
			children = (
				5C500088212EBED200B91C40 /* KeychainItemWrapper.m */,
				5C500089212EBED200B91C40 /* KeychainItemWrapper.h */,
			);
			path = MRC;
			sourceTree = "<group>";
		};
		5C50008A212EBED200B91C40 /* ARC */ = {
			isa = PBXGroup;
			children = (
				5C50008B212EBED200B91C40 /* 手势解锁 */,
				5C500099212EBED200B91C40 /* Category */,
				5C5000A6212EBED200B91C40 /* 加密库 */,
				5C5000B5212EBED200B91C40 /* DBModel */,
				5C5000BE212EBED200B91C40 /* YYHttpRequest */,
				5C5000C7212EBED200B91C40 /* View */,
				5C5000CC212EBED200B91C40 /* Responder */,
			);
			path = ARC;
			sourceTree = "<group>";
		};
		5C50008B212EBED200B91C40 /* 手势解锁 */ = {
			isa = PBXGroup;
			children = (
				5C50008C212EBED200B91C40 /* YYDownH5Model.m */,
				5C50008D212EBED200B91C40 /* AlipaySubItem.h */,
				5C50008E212EBED200B91C40 /* AliPayViews.m */,
				5C50008F212EBED200B91C40 /* Header.h */,
				5C500090212EBED200B91C40 /* KeychainData.m */,
				5C500091212EBED200B91C40 /* SetpasswordViewController.h */,
				5C500092212EBED200B91C40 /* AliPayItem.m */,
				5C500093212EBED200B91C40 /* AlipaySubItem.m */,
				5C500094212EBED200B91C40 /* YYDownH5Model.h */,
				5C500095212EBED200B91C40 /* KeychainData.h */,
				5C500096212EBED200B91C40 /* AliPayViews.h */,
				5C500097212EBED200B91C40 /* SetpasswordViewController.m */,
				5C500098212EBED200B91C40 /* AliPayItem.h */,
			);
			path = "手势解锁";
			sourceTree = "<group>";
		};
		5C500099212EBED200B91C40 /* Category */ = {
			isa = PBXGroup;
			children = (
				5C50009A212EBED200B91C40 /* NSString+IMNSString.m */,
				5C50009B212EBED200B91C40 /* NSObject+YYObject.m */,
				5C50009C212EBED200B91C40 /* NSString+StringExt.h */,
				5C50009D212EBED200B91C40 /* NSDictionary+YYDictionary.m */,
				5C50009E212EBED200B91C40 /* UIImage+Add.m */,
				5C50009F212EBED200B91C40 /* UIViewController+Add.m */,
				5C5000A0212EBED200B91C40 /* NSString+StringExt.m */,
				5C5000A1212EBED200B91C40 /* NSDictionary+YYDictionary.h */,
				5C5000A2212EBED200B91C40 /* NSObject+YYObject.h */,
				5C5000A3212EBED200B91C40 /* NSString+IMNSString.h */,
				5C5000A4212EBED200B91C40 /* UIViewController+Add.h */,
				5C5000A5212EBED200B91C40 /* UIImage+Add.h */,
			);
			path = Category;
			sourceTree = "<group>";
		};
		5C5000A6212EBED200B91C40 /* 加密库 */ = {
			isa = PBXGroup;
			children = (
				5C5000A7212EBED200B91C40 /* GTMBase64 */,
				5C5000AB212EBED200B91C40 /* md5 */,
				5C5000AE212EBED200B91C40 /* AES256 */,
			);
			path = "加密库";
			sourceTree = "<group>";
		};
		5C5000A7212EBED200B91C40 /* GTMBase64 */ = {
			isa = PBXGroup;
			children = (
				5C5000A8212EBED200B91C40 /* GTMBase64.h */,
				5C5000A9212EBED200B91C40 /* GTMDefines.h */,
				5C5000AA212EBED200B91C40 /* GTMBase64.m */,
			);
			path = GTMBase64;
			sourceTree = "<group>";
		};
		5C5000AB212EBED200B91C40 /* md5 */ = {
			isa = PBXGroup;
			children = (
				5C5000AC212EBED200B91C40 /* NSString+Hashing.m */,
				5C5000AD212EBED200B91C40 /* NSString+Hashing.h */,
			);
			path = md5;
			sourceTree = "<group>";
		};
		5C5000AE212EBED200B91C40 /* AES256 */ = {
			isa = PBXGroup;
			children = (
				5C5000AF212EBED200B91C40 /* NSData+AES256.m */,
				5C5000B0212EBED200B91C40 /* NSData +Encryption.h */,
				5C5000B1212EBED200B91C40 /* NSString+AES256.h */,
				5C5000B2212EBED200B91C40 /* NSData+AES256.h */,
				5C5000B3212EBED200B91C40 /* NSData +Encryption.m */,
				5C5000B4212EBED200B91C40 /* NSString+AES256.m */,
			);
			path = AES256;
			sourceTree = "<group>";
		};
		5C5000B5212EBED200B91C40 /* DBModel */ = {
			isa = PBXGroup;
			children = (
				5C5000B6212EBED200B91C40 /* JKDBModel.m */,
				5C5000B7212EBED200B91C40 /* JKDBHelper.m */,
				5C5000B8212EBED200B91C40 /* PSDBHelper.h */,
				5C5000B9212EBED200B91C40 /* PSDBModel.h */,
				5C5000BA212EBED200B91C40 /* JKDBModel.h */,
				5C5000BB212EBED200B91C40 /* PSDBModel.m */,
				5C5000BC212EBED200B91C40 /* PSDBHelper.m */,
				5C5000BD212EBED200B91C40 /* JKDBHelper.h */,
			);
			path = DBModel;
			sourceTree = "<group>";
		};
		5C5000BE212EBED200B91C40 /* YYHttpRequest */ = {
			isa = PBXGroup;
			children = (
				5C5000BF212EBED200B91C40 /* YYHttpClientInfoModel.m */,
				5C5000C0212EBED200B91C40 /* YYHTTPHeaderFieldModel.h */,
				5C5000C1212EBED200B91C40 /* YYShareHttpRequest.h */,
				5C5000C2212EBED200B91C40 /* AFHTTPSessionManager+Add.m */,
				5C5000C3212EBED200B91C40 /* AFHTTPSessionManager+Add.h */,
				5C5000C4212EBED200B91C40 /* YYShareHttpRequest.m */,
				5C5000C5212EBED200B91C40 /* YYHTTPHeaderFieldModel.m */,
				5C5000C6212EBED200B91C40 /* YYHttpClientInfoModel.h */,
			);
			path = YYHttpRequest;
			sourceTree = "<group>";
		};
		5C5000C7212EBED200B91C40 /* View */ = {
			isa = PBXGroup;
			children = (
				5C5000C8212EBED200B91C40 /* MBProgressHUD.m */,
				5C5000C9212EBED200B91C40 /* Dialog.h */,
				5C5000CA212EBED200B91C40 /* MBProgressHUD.h */,
				5C5000CB212EBED200B91C40 /* Dialog.m */,
			);
			path = View;
			sourceTree = "<group>";
		};
		5C5000CC212EBED200B91C40 /* Responder */ = {
			isa = PBXGroup;
			children = (
				5C5000CD212EBED200B91C40 /* ResponderEvent.h */,
				5C5000CE212EBED200B91C40 /* UIResponder+PSResponder.h */,
				5C5000CF212EBED200B91C40 /* UIButton+Add.m */,
				5C5000D0212EBED200B91C40 /* UIButton+Add.h */,
				5C5000D1212EBED200B91C40 /* UIResponder+PSResponder.m */,
				5C5000D2212EBED200B91C40 /* ResponderEvent.m */,
			);
			path = Responder;
			sourceTree = "<group>";
		};
/* End PBXGroup section */

/* Begin PBXNativeTarget section */
		5C50007A212EBEB700B91C40 /* KYX_Share */ = {
			isa = PBXNativeTarget;
			buildConfigurationList = 5C500082212EBEB700B91C40 /* Build configuration list for PBXNativeTarget "KYX_Share" */;
			buildPhases = (
				5C500077212EBEB700B91C40 /* Sources */,
				5C500078212EBEB700B91C40 /* Frameworks */,
				5C500079212EBEB700B91C40 /* CopyFiles */,
			);
			buildRules = (
			);
			dependencies = (
			);
			name = KYX_Share;
			productName = KYX_Share;
			productReference = 5C50007B212EBEB700B91C40 /* KYX_Share */;
			productType = "com.apple.product-type.tool";
		};
/* End PBXNativeTarget section */

/* Begin PBXProject section */
		5C500073212EBEB700B91C40 /* Project object */ = {
			isa = PBXProject;
			attributes = {
				LastUpgradeCheck = 0940;
				ORGANIZATIONNAME = "POSUN-MAC";
				TargetAttributes = {
					5C50007A212EBEB700B91C40 = {
						CreatedOnToolsVersion = 9.4;
					};
				};
			};
			buildConfigurationList = 5C500076212EBEB700B91C40 /* Build configuration list for PBXProject "KYX_Share" */;
			compatibilityVersion = "Xcode 9.3";
			developmentRegion = en;
			hasScannedForEncodings = 0;
			knownRegions = (
				en,
			);
			mainGroup = 5C500072212EBEB700B91C40;
			productRefGroup = 5C50007C212EBEB700B91C40 /* Products */;
			projectDirPath = "";
			projectRoot = "";
			targets = (
				5C50007A212EBEB700B91C40 /* KYX_Share */,
			);
		};
/* End PBXProject section */

/* Begin PBXSourcesBuildPhase section */
		5C500077212EBEB700B91C40 /* Sources */ = {
			isa = PBXSourcesBuildPhase;
			buildActionMask = 2147483647;
			files = (
				5C50007F212EBEB700B91C40 /* main.m in Sources */,
			);
			runOnlyForDeploymentPostprocessing = 0;
		};
/* End PBXSourcesBuildPhase section */

/* Begin XCBuildConfiguration section */
		5C500080212EBEB700B91C40 /* Debug */ = {
			isa = XCBuildConfiguration;
			buildSettings = {
				ALWAYS_SEARCH_USER_PATHS = NO;
				CLANG_ANALYZER_NONNULL = YES;
				CLANG_ANALYZER_NUMBER_OBJECT_CONVERSION = YES_AGGRESSIVE;
				CLANG_CXX_LANGUAGE_STANDARD = "gnu++14";
				CLANG_CXX_LIBRARY = "libc++";
				CLANG_ENABLE_MODULES = YES;
				CLANG_ENABLE_OBJC_ARC = YES;
				CLANG_ENABLE_OBJC_WEAK = YES;
				CLANG_WARN_BLOCK_CAPTURE_AUTORELEASING = YES;
				CLANG_WARN_BOOL_CONVERSION = YES;
				CLANG_WARN_COMMA = YES;
				CLANG_WARN_CONSTANT_CONVERSION = YES;
				CLANG_WARN_DEPRECATED_OBJC_IMPLEMENTATIONS = YES;
				CLANG_WARN_DIRECT_OBJC_ISA_USAGE = YES_ERROR;
				CLANG_WARN_DOCUMENTATION_COMMENTS = YES;
				CLANG_WARN_EMPTY_BODY = YES;
				CLANG_WARN_ENUM_CONVERSION = YES;
				CLANG_WARN_INFINITE_RECURSION = YES;
				CLANG_WARN_INT_CONVERSION = YES;
				CLANG_WARN_NON_LITERAL_NULL_CONVERSION = YES;
				CLANG_WARN_OBJC_IMPLICIT_RETAIN_SELF = YES;
				CLANG_WARN_OBJC_LITERAL_CONVERSION = YES;
				CLANG_WARN_OBJC_ROOT_CLASS = YES_ERROR;
				CLANG_WARN_RANGE_LOOP_ANALYSIS = YES;
				CLANG_WARN_STRICT_PROTOTYPES = YES;
				CLANG_WARN_SUSPICIOUS_MOVE = YES;
				CLANG_WARN_UNGUARDED_AVAILABILITY = YES_AGGRESSIVE;
				CLANG_WARN_UNREACHABLE_CODE = YES;
				CLANG_WARN__DUPLICATE_METHOD_MATCH = YES;
				CODE_SIGN_IDENTITY = "-";
				COPY_PHASE_STRIP = NO;
				DEBUG_INFORMATION_FORMAT = dwarf;
				ENABLE_STRICT_OBJC_MSGSEND = YES;
				ENABLE_TESTABILITY = YES;
				GCC_C_LANGUAGE_STANDARD = gnu11;
				GCC_DYNAMIC_NO_PIC = NO;
				GCC_NO_COMMON_BLOCKS = YES;
				GCC_OPTIMIZATION_LEVEL = 0;
				GCC_PREPROCESSOR_DEFINITIONS = (
					"DEBUG=1",
					"$(inherited)",
				);
				GCC_WARN_64_TO_32_BIT_CONVERSION = YES;
				GCC_WARN_ABOUT_RETURN_TYPE = YES_ERROR;
				GCC_WARN_UNDECLARED_SELECTOR = YES;
				GCC_WARN_UNINITIALIZED_AUTOS = YES_AGGRESSIVE;
				GCC_WARN_UNUSED_FUNCTION = YES;
				GCC_WARN_UNUSED_VARIABLE = YES;
				MACOSX_DEPLOYMENT_TARGET = 10.13;
				MTL_ENABLE_DEBUG_INFO = YES;
				ONLY_ACTIVE_ARCH = YES;
				SDKROOT = macosx;
			};
			name = Debug;
		};
		5C500081212EBEB700B91C40 /* Release */ = {
			isa = XCBuildConfiguration;
			buildSettings = {
				ALWAYS_SEARCH_USER_PATHS = NO;
				CLANG_ANALYZER_NONNULL = YES;
				CLANG_ANALYZER_NUMBER_OBJECT_CONVERSION = YES_AGGRESSIVE;
				CLANG_CXX_LANGUAGE_STANDARD = "gnu++14";
				CLANG_CXX_LIBRARY = "libc++";
				CLANG_ENABLE_MODULES = YES;
				CLANG_ENABLE_OBJC_ARC = YES;
				CLANG_ENABLE_OBJC_WEAK = YES;
				CLANG_WARN_BLOCK_CAPTURE_AUTORELEASING = YES;
				CLANG_WARN_BOOL_CONVERSION = YES;
				CLANG_WARN_COMMA = YES;
				CLANG_WARN_CONSTANT_CONVERSION = YES;
				CLANG_WARN_DEPRECATED_OBJC_IMPLEMENTATIONS = YES;
				CLANG_WARN_DIRECT_OBJC_ISA_USAGE = YES_ERROR;
				CLANG_WARN_DOCUMENTATION_COMMENTS = YES;
				CLANG_WARN_EMPTY_BODY = YES;
				CLANG_WARN_ENUM_CONVERSION = YES;
				CLANG_WARN_INFINITE_RECURSION = YES;
				CLANG_WARN_INT_CONVERSION = YES;
				CLANG_WARN_NON_LITERAL_NULL_CONVERSION = YES;
				CLANG_WARN_OBJC_IMPLICIT_RETAIN_SELF = YES;
				CLANG_WARN_OBJC_LITERAL_CONVERSION = YES;
				CLANG_WARN_OBJC_ROOT_CLASS = YES_ERROR;
				CLANG_WARN_RANGE_LOOP_ANALYSIS = YES;
				CLANG_WARN_STRICT_PROTOTYPES = YES;
				CLANG_WARN_SUSPICIOUS_MOVE = YES;
				CLANG_WARN_UNGUARDED_AVAILABILITY = YES_AGGRESSIVE;
				CLANG_WARN_UNREACHABLE_CODE = YES;
				CLANG_WARN__DUPLICATE_METHOD_MATCH = YES;
				CODE_SIGN_IDENTITY = "-";
				COPY_PHASE_STRIP = NO;
				DEBUG_INFORMATION_FORMAT = "dwarf-with-dsym";
				ENABLE_NS_ASSERTIONS = NO;
				ENABLE_STRICT_OBJC_MSGSEND = YES;
				GCC_C_LANGUAGE_STANDARD = gnu11;
				GCC_NO_COMMON_BLOCKS = YES;
				GCC_WARN_64_TO_32_BIT_CONVERSION = YES;
				GCC_WARN_ABOUT_RETURN_TYPE = YES_ERROR;
				GCC_WARN_UNDECLARED_SELECTOR = YES;
				GCC_WARN_UNINITIALIZED_AUTOS = YES_AGGRESSIVE;
				GCC_WARN_UNUSED_FUNCTION = YES;
				GCC_WARN_UNUSED_VARIABLE = YES;
				MACOSX_DEPLOYMENT_TARGET = 10.13;
				MTL_ENABLE_DEBUG_INFO = NO;
				SDKROOT = macosx;
			};
			name = Release;
		};
		5C500083212EBEB700B91C40 /* Debug */ = {
			isa = XCBuildConfiguration;
			buildSettings = {
				CODE_SIGN_STYLE = Automatic;
				PRODUCT_NAME = "$(TARGET_NAME)";
			};
			name = Debug;
		};
		5C500084212EBEB700B91C40 /* Release */ = {
			isa = XCBuildConfiguration;
			buildSettings = {
				CODE_SIGN_STYLE = Automatic;
				PRODUCT_NAME = "$(TARGET_NAME)";
			};
			name = Release;
		};
/* End XCBuildConfiguration section */

/* Begin XCConfigurationList section */
		5C500076212EBEB700B91C40 /* Build configuration list for PBXProject "KYX_Share" */ = {
			isa = XCConfigurationList;
			buildConfigurations = (
				5C500080212EBEB700B91C40 /* Debug */,
				5C500081212EBEB700B91C40 /* Release */,
			);
			defaultConfigurationIsVisible = 0;
			defaultConfigurationName = Release;
		};
		5C500082212EBEB700B91C40 /* Build configuration list for PBXNativeTarget "KYX_Share" */ = {
			isa = XCConfigurationList;
			buildConfigurations = (
				5C500083212EBEB700B91C40 /* Debug */,
				5C500084212EBEB700B91C40 /* Release */,
			);
			defaultConfigurationIsVisible = 0;
			defaultConfigurationName = Release;
		};
/* End XCConfigurationList section */
	};
	rootObject = 5C500073212EBEB700B91C40 /* Project object */;
}
